
Microsoft Visual Studio Solution File, Format Version 11.00
# Visual C# Express 2010
Project("{FAE04EC0-301F-11D3-BF4B-00C04F79EFBC}") = "RhythmHit", "RhythmHit\RhythmHit\RhythmHit.csproj", "{DAAD3E00-5CD0-4B24-8F44-F3174CDED406}"
EndProject
Project("{96E2B04D-8817-42C6-938A-82C39BA4D311}") = "RhythmHitContent", "RhythmHit\RhythmHitContent\RhythmHitContent.contentproj", "{77464D96-D180-4487-A497-0E2F1BA5A063}"
EndProject
Global
	GlobalSection(SolutionConfigurationPlatforms) = preSolution
		Debug|x86 = Debug|x86
		Release|x86 = Release|x86
	EndGlobalSection
	GlobalSection(ProjectConfigurationPlatforms) = postSolution
		{DAAD3E00-5CD0-4B24-8F44-F3174CDED406}.Debug|x86.ActiveCfg = Debug|x86
		{DAAD3E00-5CD0-4B24-8F44-F3174CDED406}.Debug|x86.Build.0 = Debug|x86
		{DAAD3E00-5CD0-4B24-8F44-F3174CDED406}.Release|x86.ActiveCfg = Release|x86
		{DAAD3E00-5CD0-4B24-8F44-F3174CDED406}.Release|x86.Build.0 = Release|x86
		{77464D96-D180-4487-A497-0E2F1BA5A063}.Debug|x86.ActiveCfg = Debug|x86
		{77464D96-D180-4487-A497-0E2F1BA5A063}.Release|x86.ActiveCfg = Release|x86
	EndGlobalSection
	GlobalSection(SolutionProperties) = preSolution
		HideSolutionNode = FALSE
	EndGlobalSection
EndGlobal
